
Microsoft Visual Studio Solution File, Format Version 12.00
# Visual Studio Version 17
VisualStudioVersion = 17.3.32901.215
MinimumVisualStudioVersion = 10.0.40219.1
Project("{FAE04EC0-301F-11D3-BF4B-00C04F79EFBC}") = "WpfOefening_Bioscoop", "WpfOefening_Bioscoop\WpfOefening_Bioscoop.csproj", "{30BADEDA-CAE1-49B8-AC3D-8226E94B939E}"
EndProject
Global
	GlobalSection(SolutionConfigurationPlatforms) = preSolution
		Debug|Any CPU = Debug|Any CPU
		Release|Any CPU = Release|Any CPU
	EndGlobalSection
	GlobalSection(ProjectConfigurationPlatforms) = postSolution
		{30BADEDA-CAE1-49B8-AC3D-8226E94B939E}.Debug|Any CPU.ActiveCfg = Debug|Any CPU
		{30BADEDA-CAE1-49B8-AC3D-8226E94B939E}.Debug|Any CPU.Build.0 = Debug|Any CPU
		{30BADEDA-CAE1-49B8-AC3D-8226E94B939E}.Release|Any CPU.ActiveCfg = Release|Any CPU
		{30BADEDA-CAE1-49B8-AC3D-8226E94B939E}.Release|Any CPU.Build.0 = Release|Any CPU
	EndGlobalSection
	GlobalSection(SolutionProperties) = preSolution
		HideSolutionNode = FALSE
	EndGlobalSection
	GlobalSection(ExtensibilityGlobals) = postSolution
		SolutionGuid = {632D1CEA-E6D5-4587-8736-9E622EFC8176}
	EndGlobalSection
EndGlobal
